
Microsoft Visual Studio Solution File, Format Version 12.00
# Visual Studio Version 17
VisualStudioVersion = 17.13.35931.197 d17.13
MinimumVisualStudioVersion = 10.0.40219.1
Project("{FAE04EC0-301F-11D3-BF4B-00C04F79EFBC}") = "LpthLesson03", "LpthLesson03\LpthLesson03.csproj", "{AD9D105C-5469-4C1F-9F27-DEE69C3F1FC9}"
EndProject
Global
	GlobalSection(SolutionConfigurationPlatforms) = preSolution
		Debug|Any CPU = Debug|Any CPU
		Release|Any CPU = Release|Any CPU
	EndGlobalSection
	GlobalSection(ProjectConfigurationPlatforms) = postSolution
		{AD9D105C-5469-4C1F-9F27-DEE69C3F1FC9}.Debug|Any CPU.ActiveCfg = Debug|Any CPU
		{AD9D105C-5469-4C1F-9F27-DEE69C3F1FC9}.Debug|Any CPU.Build.0 = Debug|Any CPU
		{AD9D105C-5469-4C1F-9F27-DEE69C3F1FC9}.Release|Any CPU.ActiveCfg = Release|Any CPU
		{AD9D105C-5469-4C1F-9F27-DEE69C3F1FC9}.Release|Any CPU.Build.0 = Release|Any CPU
	EndGlobalSection
	GlobalSection(SolutionProperties) = preSolution
		HideSolutionNode = FALSE
	EndGlobalSection
	GlobalSection(ExtensibilityGlobals) = postSolution
		SolutionGuid = {1E1D9CD0-BA7A-484D-92C8-18BAE863DF6B}
	EndGlobalSection
EndGlobal
