
Microsoft Visual Studio Solution File, Format Version 12.00
# Visual Studio Version 17
VisualStudioVersion = 17.13.35931.197 d17.13
MinimumVisualStudioVersion = 10.0.40219.1
Project("{FAE04EC0-301F-11D3-BF4B-00C04F79EFBC}") = "LpthLab08", "LpthLab08\LpthLab08.csproj", "{49A3EA8E-12EC-4E08-BAE2-CA68F08EDDBA}"
EndProject
Global
	GlobalSection(SolutionConfigurationPlatforms) = preSolution
		Debug|Any CPU = Debug|Any CPU
		Release|Any CPU = Release|Any CPU
	EndGlobalSection
	GlobalSection(ProjectConfigurationPlatforms) = postSolution
		{49A3EA8E-12EC-4E08-BAE2-CA68F08EDDBA}.Debug|Any CPU.ActiveCfg = Debug|Any CPU
		{49A3EA8E-12EC-4E08-BAE2-CA68F08EDDBA}.Debug|Any CPU.Build.0 = Debug|Any CPU
		{49A3EA8E-12EC-4E08-BAE2-CA68F08EDDBA}.Release|Any CPU.ActiveCfg = Release|Any CPU
		{49A3EA8E-12EC-4E08-BAE2-CA68F08EDDBA}.Release|Any CPU.Build.0 = Release|Any CPU
	EndGlobalSection
	GlobalSection(SolutionProperties) = preSolution
		HideSolutionNode = FALSE
	EndGlobalSection
	GlobalSection(ExtensibilityGlobals) = postSolution
		SolutionGuid = {9826BC9D-604A-4F07-B399-EAD4DCF937A3}
	EndGlobalSection
EndGlobal
